Microsoft Visual Studio Solution File, Format Version 11.00
# Visual Studio 2008

Project("{0E8DA8CD-0220-C50A-E449-E201FCEAAF33}") = "StepbyStep", "Assembly-CSharp-firstpass.csproj", "{52B6E53D-5DD9-DD1D-34D5-B319EF5C4DCA}"
EndProject
Project("{0E8DA8CD-0220-C50A-E449-E201FCEAAF33}") = "StepbyStep", "Assembly-CSharp.csproj", "{DC6D073F-A81C-BD03-ADF2-C8B2147C6450}"
EndProject
Project("{0E8DA8CD-0220-C50A-E449-E201FCEAAF33}") = "StepbyStep", "Assembly-CSharp-Editor.csproj", "{8B48DCA2-64F1-08EB-9BB1-904D49EF7A84}"
EndProject
Global
	GlobalSection(SolutionConfigurationPlatforms) = preSolution
		Debug|Any CPU = Debug|Any CPU
		Release|Any CPU = Release|Any CPU
	EndGlobalSection
	GlobalSection(ProjectConfigurationPlatforms) = postSolution
		{52B6E53D-5DD9-DD1D-34D5-B319EF5C4DCA}.Debug|Any CPU.ActiveCfg = Debug|Any CPU
		{52B6E53D-5DD9-DD1D-34D5-B319EF5C4DCA}.Debug|Any CPU.Build.0 = Debug|Any CPU
		{52B6E53D-5DD9-DD1D-34D5-B319EF5C4DCA}.Release|Any CPU.ActiveCfg = Release|Any CPU
		{52B6E53D-5DD9-DD1D-34D5-B319EF5C4DCA}.Release|Any CPU.Build.0 = Release|Any CPU
		{DC6D073F-A81C-BD03-ADF2-C8B2147C6450}.Debug|Any CPU.ActiveCfg = Debug|Any CPU
		{DC6D073F-A81C-BD03-ADF2-C8B2147C6450}.Debug|Any CPU.Build.0 = Debug|Any CPU
		{DC6D073F-A81C-BD03-ADF2-C8B2147C6450}.Release|Any CPU.ActiveCfg = Release|Any CPU
		{DC6D073F-A81C-BD03-ADF2-C8B2147C6450}.Release|Any CPU.Build.0 = Release|Any CPU
		{8B48DCA2-64F1-08EB-9BB1-904D49EF7A84}.Debug|Any CPU.ActiveCfg = Debug|Any CPU
		{8B48DCA2-64F1-08EB-9BB1-904D49EF7A84}.Debug|Any CPU.Build.0 = Debug|Any CPU
		{8B48DCA2-64F1-08EB-9BB1-904D49EF7A84}.Release|Any CPU.ActiveCfg = Release|Any CPU
		{8B48DCA2-64F1-08EB-9BB1-904D49EF7A84}.Release|Any CPU.Build.0 = Release|Any CPU
	EndGlobalSection
	GlobalSection(SolutionProperties) = preSolution
		HideSolutionNode = FALSE
	EndGlobalSection
	GlobalSection(MonoDevelopProperties) = preSolution
		StartupItem = Assembly-CSharp.csproj
	EndGlobalSection
EndGlobal
